// !$*UTF8*$!
{
	archiveVersion = 1;
	classes = {
	};
	objectVersion = 46;
	objects = {

/* Begin PBXBuildFile section */
		B047D9951B34B74E000054F0 /* Extensions.swift in Sources */ = {isa = PBXBuildFile; fileRef = B047D9941B34B74E000054F0 /* Extensions.swift */; };
		B0C000031B2A8B6500D8BC41 /* IPInfoModel.swift in Sources */ = {isa = PBXBuildFile; fileRef = B0C000021B2A8B6500D8BC41 /* IPInfoModel.swift */; };
		B0C000051B2E1C2800D8BC41 /* iAd.framework in Frameworks */ = {isa = PBXBuildFile; fileRef = B0C000041B2E1C2800D8BC41 /* iAd.framework */; };
		B0C0FFE31B2A8A7100D8BC41 /* AppDelegate.swift in Sources */ = {isa = PBXBuildFile; fileRef = B0C0FFE21B2A8A7100D8BC41 /* AppDelegate.swift */; };
		B0C0FFE51B2A8A7100D8BC41 /* ViewController.swift in Sources */ = {isa = PBXBuildFile; fileRef = B0C0FFE41B2A8A7100D8BC41 /* ViewController.swift */; };
		B0C0FFE81B2A8A7100D8BC41 /* Main.storyboard in Resources */ = {isa = PBXBuildFile; fileRef = B0C0FFE61B2A8A7100D8BC41 /* Main.storyboard */; };
		B0C0FFEA1B2A8A7100D8BC41 /* Images.xcassets in Resources */ = {isa = PBXBuildFile; fileRef = B0C0FFE91B2A8A7100D8BC41 /* Images.xcassets */; };
		B0C0FFED1B2A8A7100D8BC41 /* LaunchScreen.xib in Resources */ = {isa = PBXBuildFile; fileRef = B0C0FFEB1B2A8A7100D8BC41 /* LaunchScreen.xib */; };
		B0C0FFF91B2A8A7100D8BC41 /* IPInfoTests.swift in Sources */ = {isa = PBXBuildFile; fileRef = B0C0FFF81B2A8A7100D8BC41 /* IPInfoTests.swift */; };
/* End PBXBuildFile section */

/* Begin PBXContainerItemProxy section */
		B0C0FFF31B2A8A7100D8BC41 /* PBXContainerItemProxy */ = {
			isa = PBXContainerItemProxy;
			containerPortal = B0C0FFD51B2A8A7000D8BC41 /* Project object */;
			proxyType = 1;
			remoteGlobalIDString = B0C0FFDC1B2A8A7000D8BC41;
			remoteInfo = IPInfo;
		};
/* End PBXContainerItemProxy section */

/* Begin PBXFileReference section */
		B047D9941B34B74E000054F0 /* Extensions.swift */ = {isa = PBXFileReference; fileEncoding = 4; lastKnownFileType = sourcecode.swift; path = Extensions.swift; sourceTree = "<group>"; };
		B0C000021B2A8B6500D8BC41 /* IPInfoModel.swift */ = {isa = PBXFileReference; fileEncoding = 4; lastKnownFileType = sourcecode.swift; path = IPInfoModel.swift; sourceTree = "<group>"; };
		B0C000041B2E1C2800D8BC41 /* iAd.framework */ = {isa = PBXFileReference; lastKnownFileType = wrapper.framework; name = iAd.framework; path = System/Library/Frameworks/iAd.framework; sourceTree = SDKROOT; };
		B0C0FFDD1B2A8A7000D8BC41 /* IPInfo.app */ = {isa = PBXFileReference; explicitFileType = wrapper.application; includeInIndex = 0; path = IPInfo.app; sourceTree = BUILT_PRODUCTS_DIR; };
		B0C0FFE11B2A8A7100D8BC41 /* Info.plist */ = {isa = PBXFileReference; lastKnownFileType = text.plist.xml; path = Info.plist; sourceTree = "<group>"; };
		B0C0FFE21B2A8A7100D8BC41 /* AppDelegate.swift */ = {isa = PBXFileReference; lastKnownFileType = sourcecode.swift; path = AppDelegate.swift; sourceTree = "<group>"; };
		B0C0FFE41B2A8A7100D8BC41 /* ViewController.swift */ = {isa = PBXFileReference; lastKnownFileType = sourcecode.swift; path = ViewController.swift; sourceTree = "<group>"; };
		B0C0FFE71B2A8A7100D8BC41 /* Base */ = {isa = PBXFileReference; lastKnownFileType = file.storyboard; name = Base; path = Base.lproj/Main.storyboard; sourceTree = "<group>"; };
		B0C0FFE91B2A8A7100D8BC41 /* Images.xcassets */ = {isa = PBXFileReference; lastKnownFileType = folder.assetcatalog; path = Images.xcassets; sourceTree = "<group>"; };
		B0C0FFEC1B2A8A7100D8BC41 /* Base */ = {isa = PBXFileReference; lastKnownFileType = file.xib; name = Base; path = Base.lproj/LaunchScreen.xib; sourceTree = "<group>"; };
		B0C0FFF21B2A8A7100D8BC41 /* IPInfoTests.xctest */ = {isa = PBXFileReference; explicitFileType = wrapper.cfbundle; includeInIndex = 0; path = IPInfoTests.xctest; sourceTree = BUILT_PRODUCTS_DIR; };
		B0C0FFF71B2A8A7100D8BC41 /* Info.plist */ = {isa = PBXFileReference; lastKnownFileType = text.plist.xml; path = Info.plist; sourceTree = "<group>"; };
		B0C0FFF81B2A8A7100D8BC41 /* IPInfoTests.swift */ = {isa = PBXFileReference; lastKnownFileType = sourcecode.swift; path = IPInfoTests.swift; sourceTree = "<group>"; };
/* End PBXFileReference section */

/* Begin PBXFrameworksBuildPhase section */
		B0C0FFDA1B2A8A7000D8BC41 /* Frameworks */ = {
			isa = PBXFrameworksBuildPhase;
			buildActionMask = 2147483647;
			files = (
				B0C000051B2E1C2800D8BC41 /* iAd.framework in Frameworks */,
			);
			runOnlyForDeploymentPostprocessing = 0;
		};
		B0C0FFEF1B2A8A7100D8BC41 /* Frameworks */ = {
			isa = PBXFrameworksBuildPhase;
			buildActionMask = 2147483647;
			files = (
			);
			runOnlyForDeploymentPostprocessing = 0;
		};
/* End PBXFrameworksBuildPhase section */

/* Begin PBXGroup section */
		B0C0FFD41B2A8A7000D8BC41 = {
			isa = PBXGroup;
			children = (
				B0C000041B2E1C2800D8BC41 /* iAd.framework */,
				B0C0FFDF1B2A8A7000D8BC41 /* IPInfo */,
				B0C0FFF51B2A8A7100D8BC41 /* IPInfoTests */,
				B0C0FFDE1B2A8A7000D8BC41 /* Products */,
			);
			sourceTree = "<group>";
		};
		B0C0FFDE1B2A8A7000D8BC41 /* Products */ = {
			isa = PBXGroup;
			children = (
				B0C0FFDD1B2A8A7000D8BC41 /* IPInfo.app */,
				B0C0FFF21B2A8A7100D8BC41 /* IPInfoTests.xctest */,
			);
			name = Products;
			sourceTree = "<group>";
		};
		B0C0FFDF1B2A8A7000D8BC41 /* IPInfo */ = {
			isa = PBXGroup;
			children = (
				B0C0FFE21B2A8A7100D8BC41 /* AppDelegate.swift */,
				B0C0FFE41B2A8A7100D8BC41 /* ViewController.swift */,
				B0C0FFE61B2A8A7100D8BC41 /* Main.storyboard */,
				B0C0FFE91B2A8A7100D8BC41 /* Images.xcassets */,
				B0C0FFEB1B2A8A7100D8BC41 /* LaunchScreen.xib */,
				B0C000021B2A8B6500D8BC41 /* IPInfoModel.swift */,
				B0C0FFE01B2A8A7100D8BC41 /* Supporting Files */,
				B047D9941B34B74E000054F0 /* Extensions.swift */,
			);
			path = IPInfo;
			sourceTree = "<group>";
		};
		B0C0FFE01B2A8A7100D8BC41 /* Supporting Files */ = {
			isa = PBXGroup;
			children = (
				B0C0FFE11B2A8A7100D8BC41 /* Info.plist */,
			);
			name = "Supporting Files";
			sourceTree = "<group>";
		};
		B0C0FFF51B2A8A7100D8BC41 /* IPInfoTests */ = {
			isa = PBXGroup;
			children = (
				B0C0FFF81B2A8A7100D8BC41 /* IPInfoTests.swift */,
				B0C0FFF61B2A8A7100D8BC41 /* Supporting Files */,
			);
			path = IPInfoTests;
			sourceTree = "<group>";
		};
		B0C0FFF61B2A8A7100D8BC41 /* Supporting Files */ = {
			isa = PBXGroup;
			children = (
				B0C0FFF71B2A8A7100D8BC41 /* Info.plist */,
			);
			name = "Supporting Files";
			sourceTree = "<group>";
		};
/* End PBXGroup section */

/* Begin PBXNativeTarget section */
		B0C0FFDC1B2A8A7000D8BC41 /* IPInfo */ = {
			isa = PBXNativeTarget;
			buildConfigurationList = B0C0FFFC1B2A8A7100D8BC41 /* Build configuration list for PBXNativeTarget "IPInfo" */;
			buildPhases = (
				B0C0FFD91B2A8A7000D8BC41 /* Sources */,
				B0C0FFDA1B2A8A7000D8BC41 /* Frameworks */,
				B0C0FFDB1B2A8A7000D8BC41 /* Resources */,
			);
			buildRules = (
			);
			dependencies = (
			);
			name = IPInfo;
			productName = IPInfo;
			productReference = B0C0FFDD1B2A8A7000D8BC41 /* IPInfo.app */;
			productType = "com.apple.product-type.application";
		};
		B0C0FFF11B2A8A7100D8BC41 /* IPInfoTests */ = {
			isa = PBXNativeTarget;
			buildConfigurationList = B0C0FFFF1B2A8A7100D8BC41 /* Build configuration list for PBXNativeTarget "IPInfoTests" */;
			buildPhases = (
				B0C0FFEE1B2A8A7100D8BC41 /* Sources */,
				B0C0FFEF1B2A8A7100D8BC41 /* Frameworks */,
				B0C0FFF01B2A8A7100D8BC41 /* Resources */,
			);
			buildRules = (
			);
			dependencies = (
				B0C0FFF41B2A8A7100D8BC41 /* PBXTargetDependency */,
			);
			name = IPInfoTests;
			productName = IPInfoTests;
			productReference = B0C0FFF21B2A8A7100D8BC41 /* IPInfoTests.xctest */;
			productType = "com.apple.product-type.bundle.unit-test";
		};
/* End PBXNativeTarget section */

/* Begin PBXProject section */
		B0C0FFD51B2A8A7000D8BC41 /* Project object */ = {
			isa = PBXProject;
			attributes = {
				LastUpgradeCheck = 0630;
				ORGANIZATIONNAME = "Roy Ashbrook";
				TargetAttributes = {
					B0C0FFDC1B2A8A7000D8BC41 = {
						CreatedOnToolsVersion = 6.3.2;
						DevelopmentTeam = 44Y2L8A2CV;
					};
					B0C0FFF11B2A8A7100D8BC41 = {
						CreatedOnToolsVersion = 6.3.2;
						TestTargetID = B0C0FFDC1B2A8A7000D8BC41;
					};
				};
			};
			buildConfigurationList = B0C0FFD81B2A8A7000D8BC41 /* Build configuration list for PBXProject "IPInfo" */;
			compatibilityVersion = "Xcode 3.2";
			developmentRegion = English;
			hasScannedForEncodings = 0;
			knownRegions = (
				en,
				Base,
			);
			mainGroup = B0C0FFD41B2A8A7000D8BC41;
			productRefGroup = B0C0FFDE1B2A8A7000D8BC41 /* Products */;
			projectDirPath = "";
			projectRoot = "";
			targets = (
				B0C0FFDC1B2A8A7000D8BC41 /* IPInfo */,
				B0C0FFF11B2A8A7100D8BC41 /* IPInfoTests */,
			);
		};
/* End PBXProject section */

/* Begin PBXResourcesBuildPhase section */
		B0C0FFDB1B2A8A7000D8BC41 /* Resources */ = {
			isa = PBXResourcesBuildPhase;
			buildActionMask = 2147483647;
			files = (
				B0C0FFE81B2A8A7100D8BC41 /* Main.storyboard in Resources */,
				B0C0FFED1B2A8A7100D8BC41 /* LaunchScreen.xib in Resources */,
				B0C0FFEA1B2A8A7100D8BC41 /* Images.xcassets in Resources */,
			);
			runOnlyForDeploymentPostprocessing = 0;
		};
		B0C0FFF01B2A8A7100D8BC41 /* Resources */ = {
			isa = PBXResourcesBuildPhase;
			buildActionMask = 2147483647;
			files = (
			);
			runOnlyForDeploymentPostprocessing = 0;
		};
/* End PBXResourcesBuildPhase section */

/* Begin PBXSourcesBuildPhase section */
		B0C0FFD91B2A8A7000D8BC41 /* Sources */ = {
			isa = PBXSourcesBuildPhase;
			buildActionMask = 2147483647;
			files = (
				B0C0FFE51B2A8A7100D8BC41 /* ViewController.swift in Sources */,
				B0C0FFE31B2A8A7100D8BC41 /* AppDelegate.swift in Sources */,
				B0C000031B2A8B6500D8BC41 /* IPInfoModel.swift in Sources */,
				B047D9951B34B74E000054F0 /* Extensions.swift in Sources */,
			);
			runOnlyForDeploymentPostprocessing = 0;
		};
		B0C0FFEE1B2A8A7100D8BC41 /* Sources */ = {
			isa = PBXSourcesBuildPhase;
			buildActionMask = 2147483647;
			files = (
				B0C0FFF91B2A8A7100D8BC41 /* IPInfoTests.swift in Sources */,
			);
			runOnlyForDeploymentPostprocessing = 0;
		};
/* End PBXSourcesBuildPhase section */

/* Begin PBXTargetDependency section */
		B0C0FFF41B2A8A7100D8BC41 /* PBXTargetDependency */ = {
			isa = PBXTargetDependency;
			target = B0C0FFDC1B2A8A7000D8BC41 /* IPInfo */;
			targetProxy = B0C0FFF31B2A8A7100D8BC41 /* PBXContainerItemProxy */;
		};
/* End PBXTargetDependency section */

/* Begin PBXVariantGroup section */
		B0C0FFE61B2A8A7100D8BC41 /* Main.storyboard */ = {
			isa = PBXVariantGroup;
			children = (
				B0C0FFE71B2A8A7100D8BC41 /* Base */,
			);
			name = Main.storyboard;
			sourceTree = "<group>";
		};
		B0C0FFEB1B2A8A7100D8BC41 /* LaunchScreen.xib */ = {
			isa = PBXVariantGroup;
			children = (
				B0C0FFEC1B2A8A7100D8BC41 /* Base */,
			);
			name = LaunchScreen.xib;
			sourceTree = "<group>";
		};
/* End PBXVariantGroup section */

/* Begin XCBuildConfiguration section */
		B0C000001B2A8A7100D8BC41 /* Debug */ = {
			isa = XCBuildConfiguration;
			buildSettings = {
				BUNDLE_LOADER = "$(TEST_HOST)";
				FRAMEWORK_SEARCH_PATHS = (
					"$(SDKROOT)/Developer/Library/Frameworks",
					"$(inherited)",
				);
				GCC_PREPROCESSOR_DEFINITIONS = (
					"DEBUG=1",
					"$(inherited)",
				);
				INFOPLIST_FILE = IPInfoTests/Info.plist;
				LD_RUNPATH_SEARCH_PATHS = "$(inherited) @executable_path/Frameworks @loader_path/Frameworks";
				PRODUCT_NAME = "$(TARGET_NAME)";
				TEST_HOST = "$(BUILT_PRODUCTS_DIR)/IPInfo.app/IPInfo";
			};
			name = Debug;
		};
		B0C000011B2A8A7100D8BC41 /* Release */ = {
			isa = XCBuildConfiguration;
			buildSettings = {
				BUNDLE_LOADER = "$(TEST_HOST)";
				FRAMEWORK_SEARCH_PATHS = (
					"$(SDKROOT)/Developer/Library/Frameworks",
					"$(inherited)",
				);
				INFOPLIST_FILE = IPInfoTests/Info.plist;
				LD_RUNPATH_SEARCH_PATHS = "$(inherited) @executable_path/Frameworks @loader_path/Frameworks";
				PRODUCT_NAME = "$(TARGET_NAME)";
				TEST_HOST = "$(BUILT_PRODUCTS_DIR)/IPInfo.app/IPInfo";
			};
			name = Release;
		};
		B0C0FFFA1B2A8A7100D8BC41 /* Debug */ = {
			isa = XCBuildConfiguration;
			buildSettings = {
				ALWAYS_SEARCH_USER_PATHS = NO;
				CLANG_CXX_LANGUAGE_STANDARD = "gnu++0x";
				CLANG_CXX_LIBRARY = "libc++";
				CLANG_ENABLE_MODULES = YES;
				CLANG_ENABLE_OBJC_ARC = YES;
				CLANG_WARN_BOOL_CONVERSION = YES;
				CLANG_WARN_CONSTANT_CONVERSION = YES;
				CLANG_WARN_DIRECT_OBJC_ISA_USAGE = YES_ERROR;
				CLANG_WARN_EMPTY_BODY = YES;
				CLANG_WARN_ENUM_CONVERSION = YES;
				CLANG_WARN_INT_CONVERSION = YES;
				CLANG_WARN_OBJC_ROOT_CLASS = YES_ERROR;
				CLANG_WARN_UNREACHABLE_CODE = YES;
				CLANG_WARN__DUPLICATE_METHOD_MATCH = YES;
				"CODE_SIGN_IDENTITY[sdk=iphoneos*]" = "iPhone Developer";
				COPY_PHASE_STRIP = NO;
				DEBUG_INFORMATION_FORMAT = "dwarf-with-dsym";
				ENABLE_STRICT_OBJC_MSGSEND = YES;
				GCC_C_LANGUAGE_STANDARD = gnu99;
				GCC_DYNAMIC_NO_PIC = NO;
				GCC_NO_COMMON_BLOCKS = YES;
				GCC_OPTIMIZATION_LEVEL = 0;
				GCC_PREPROCESSOR_DEFINITIONS = (
					"DEBUG=1",
					"$(inherited)",
				);
				GCC_SYMBOLS_PRIVATE_EXTERN = NO;
				GCC_WARN_64_TO_32_BIT_CONVERSION = YES;
				GCC_WARN_ABOUT_RETURN_TYPE = YES_ERROR;
				GCC_WARN_UNDECLARED_SELECTOR = YES;
				GCC_WARN_UNINITIALIZED_AUTOS = YES_AGGRESSIVE;
				GCC_WARN_UNUSED_FUNCTION = YES;
				GCC_WARN_UNUSED_VARIABLE = YES;
				IPHONEOS_DEPLOYMENT_TARGET = 8.3;
				MTL_ENABLE_DEBUG_INFO = YES;
				ONLY_ACTIVE_ARCH = YES;
				SDKROOT = iphoneos;
				SWIFT_OPTIMIZATION_LEVEL = "-Onone";
				TARGETED_DEVICE_FAMILY = "1,2";
			};
			name = Debug;
		};
		B0C0FFFB1B2A8A7100D8BC41 /* Release */ = {
			isa = XCBuildConfiguration;
			buildSettings = {
				ALWAYS_SEARCH_USER_PATHS = NO;
				CLANG_CXX_LANGUAGE_STANDARD = "gnu++0x";
				CLANG_CXX_LIBRARY = "libc++";
				CLANG_ENABLE_MODULES = YES;
				CLANG_ENABLE_OBJC_ARC = YES;
				CLANG_WARN_BOOL_CONVERSION = YES;
				CLANG_WARN_CONSTANT_CONVERSION = YES;
				CLANG_WARN_DIRECT_OBJC_ISA_USAGE = YES_ERROR;
				CLANG_WARN_EMPTY_BODY = YES;
				CLANG_WARN_ENUM_CONVERSION = YES;
				CLANG_WARN_INT_CONVERSION = YES;
				CLANG_WARN_OBJC_ROOT_CLASS = YES_ERROR;
				CLANG_WARN_UNREACHABLE_CODE = YES;
				CLANG_WARN__DUPLICATE_METHOD_MATCH = YES;
				"CODE_SIGN_IDENTITY[sdk=iphoneos*]" = "iPhone Developer";
				COPY_PHASE_STRIP = NO;
				DEBUG_INFORMATION_FORMAT = "dwarf-with-dsym";
				ENABLE_NS_ASSERTIONS = NO;
				ENABLE_STRICT_OBJC_MSGSEND = YES;
				GCC_C_LANGUAGE_STANDARD = gnu99;
				GCC_NO_COMMON_BLOCKS = YES;
				GCC_WARN_64_TO_32_BIT_CONVERSION = YES;
				GCC_WARN_ABOUT_RETURN_TYPE = YES_ERROR;
				GCC_WARN_UNDECLARED_SELECTOR = YES;
				GCC_WARN_UNINITIALIZED_AUTOS = YES_AGGRESSIVE;
				GCC_WARN_UNUSED_FUNCTION = YES;
				GCC_WARN_UNUSED_VARIABLE = YES;
				IPHONEOS_DEPLOYMENT_TARGET = 8.3;
				MTL_ENABLE_DEBUG_INFO = NO;
				SDKROOT = iphoneos;
				TARGETED_DEVICE_FAMILY = "1,2";
				VALIDATE_PRODUCT = YES;
			};
			name = Release;
		};
		B0C0FFFD1B2A8A7100D8BC41 /* Debug */ = {
			isa = XCBuildConfiguration;
			buildSettings = {
				ASSETCATALOG_COMPILER_APPICON_NAME = AppIcon;
				CODE_SIGN_IDENTITY = "iPhone Distribution";
				"CODE_SIGN_IDENTITY[sdk=iphoneos*]" = "iPhone Developer";
				INFOPLIST_FILE = IPInfo/Info.plist;
				LD_RUNPATH_SEARCH_PATHS = "$(inherited) @executable_path/Frameworks";
				PRODUCT_NAME = "$(TARGET_NAME)";
				PROVISIONING_PROFILE = "";
			};
			name = Debug;
		};
		B0C0FFFE1B2A8A7100D8BC41 /* Release */ = {
			isa = XCBuildConfiguration;
			buildSettings = {
				ASSETCATALOG_COMPILER_APPICON_NAME = AppIcon;
				CODE_SIGN_IDENTITY = "iPhone Distribution";
				"CODE_SIGN_IDENTITY[sdk=iphoneos*]" = "iPhone Developer";
				INFOPLIST_FILE = IPInfo/Info.plist;
				LD_RUNPATH_SEARCH_PATHS = "$(inherited) @executable_path/Frameworks";
				PRODUCT_NAME = "$(TARGET_NAME)";
				PROVISIONING_PROFILE = "";
			};
			name = Release;
		};
/* End XCBuildConfiguration section */

/* Begin XCConfigurationList section */
		B0C0FFD81B2A8A7000D8BC41 /* Build configuration list for PBXProject "IPInfo" */ = {
			isa = XCConfigurationList;
			buildConfigurations = (
				B0C0FFFA1B2A8A7100D8BC41 /* Debug */,
				B0C0FFFB1B2A8A7100D8BC41 /* Release */,
			);
			defaultConfigurationIsVisible = 0;
			defaultConfigurationName = Release;
		};
		B0C0FFFC1B2A8A7100D8BC41 /* Build configuration list for PBXNativeTarget "IPInfo" */ = {
			isa = XCConfigurationList;
			buildConfigurations = (
				B0C0FFFD1B2A8A7100D8BC41 /* Debug */,
				B0C0FFFE1B2A8A7100D8BC41 /* Release */,
			);
			defaultConfigurationIsVisible = 0;
			defaultConfigurationName = Release;
		};
		B0C0FFFF1B2A8A7100D8BC41 /* Build configuration list for PBXNativeTarget "IPInfoTests" */ = {
			isa = XCConfigurationList;
			buildConfigurations = (
				B0C000001B2A8A7100D8BC41 /* Debug */,
				B0C000011B2A8A7100D8BC41 /* Release */,
			);
			defaultConfigurationIsVisible = 0;
			defaultConfigurationName = Release;
		};
/* End XCConfigurationList section */
	};
	rootObject = B0C0FFD51B2A8A7000D8BC41 /* Project object */;
}
